lockfileVersion: '6.0'

settings:
  autoInstallPeers: true
  excludeLinksFromLockfile: false

devDependencies:
  '@sindresorhus/tsconfig':
    specifier: 8.0.1
    version: 8.0.1
  prettier:
    specifier: 3.6.2
    version: 3.6.2
  typescript:
    specifier: 5.9.3
    version: 5.9.3

packages:

  /@sindresorhus/tsconfig@8.0.1:
    resolution: {integrity: sha512-EcJpJuPR+Ot2DGJwQNRMVrWMxiYluGEQrgHeFHvKkKJcHCL/J3fmAKtN5WmAHIN7oxtwSEvNfjJgwffmxKBw9Q==}
    engines: {node: '>=20'}
    dev: true

  /prettier@3.6.2:
    resolution: {integrity: sha512-I7AIg5boAr5R0FFtJ6rCfD+LFsWHp81dolrFD8S79U9tb8Az2nGrJncnMSnys+bpQJfRUzqs9hnA81OAA3hCuQ==}
    engines: {node: '>=14'}
    hasBin: true
    dev: true

  /typescript@5.9.3:
    resolution: {integrity: sha512-jl1vZzPDinLr9eUt3J/t7V6FgNEw9QjvBPdysz9KfQDD41fQrC2Y4vKQdiaUpFT4bXlb1RHhLpp8wtm6M5TgSw==}
    engines: {node: '>=14.17'}
    hasBin: true
    dev: true
