lockfileVersion: '6.0'

settings:
  autoInstallPeers: true
  excludeLinksFromLockfile: false

devDependencies:
  '@sindresorhus/tsconfig':
    specifier: 8.1.0
    version: 8.1.0
  prettier:
    specifier: 3.9.4
    version: 3.9.4
  typescript:
    specifier: 6.0.3
    version: 6.0.3

packages:

  /@sindresorhus/tsconfig@8.1.0:
    resolution: {integrity: sha512-MggpguA4jNdtyoUy2Hs54nb4lP4rbhH34CsOiFId1q6fmFPnipqeo70ZRkjp5p4Z7wdyspALtSAcKaxL2/3waQ==}
    engines: {node: '>=20'}
    dev: true

  /prettier@3.9.4:
    resolution: {integrity: sha512-yWG/o/4oJfo036EKAfK6ACAoDOfHeRHx4tuxkfBZiauURiaSmYwlpOr5LQqKtIkRD2z1PLteme2WoxEnj4tHTg==}
    engines: {node: '>=14'}
    hasBin: true
    dev: true

  /typescript@6.0.3:
    resolution: {integrity: sha512-y2TvuxSZPDyQakkFRPZHKFm+KKVqIisdg9/CZwm9ftvKXLP8NRWj38/ODjNbr43SsoXqNuAisEf1GdCxqWcdBw==}
    engines: {node: '>=14.17'}
    hasBin: true
    dev: true
