lockfileVersion: 5.4

specifiers:
  '@sindresorhus/tsconfig': 3.0.1
  prettier: 2.8.7
  typescript: 5.0.2

devDependencies:
  '@sindresorhus/tsconfig': 3.0.1
  prettier: 2.8.7
  typescript: 5.0.2

packages:

  /@sindresorhus/tsconfig/3.0.1:
    resolution: {integrity: sha512-0/gtPNTY3++0J2BZM5nHHULg0BIMw886gqdn8vWN+Av6bgF5ZU2qIcHubAn+Z9KNvJhO8WFE+9kDOU3n6OcKtA==}
    engines: {node: '>=14'}
    dev: true

  /prettier/2.8.7:
    resolution: {integrity: sha512-yPngTo3aXUUmyuTjeTUT75txrf+aMh9FiD7q9ZE/i6r0bPb22g4FsE6Y338PQX1bmfy08i9QQCB7/rcUAVntfw==}
    engines: {node: '>=10.13.0'}
    hasBin: true
    dev: true

  /typescript/5.0.2:
    resolution: {integrity: sha512-wVORMBGO/FAs/++blGNeAVdbNKtIh1rbBL2EyQ1+J9lClJ93KiiKe8PmFIVdXhHcyv44SL9oglmfeSsndo0jRw==}
    engines: {node: '>=12.20'}
    hasBin: true
    dev: true
